// !$*UTF8*$!
{
	archiveVersion = 1;
	classes = {
	};
	objectVersion = 50;
	objects = {

/* Begin PBXBuildFile section */
		2A0C40BD227228CF00ED8CBE /* AppDelegate.swift in Sources */ = {isa = PBXBuildFile; fileRef = 2A0C40BC227228CF00ED8CBE /* AppDelegate.swift */; };
		2A0C40BF227228CF00ED8CBE /* ViewController.swift in Sources */ = {isa = PBXBuildFile; fileRef = 2A0C40BE227228CF00ED8CBE /* ViewController.swift */; };
		2A0C40C1227228D000ED8CBE /* Assets.xcassets in Resources */ = {isa = PBXBuildFile; fileRef = 2A0C40C0227228D000ED8CBE /* Assets.xcassets */; };
		2A0C40C4227228D000ED8CBE /* Main.storyboard in Resources */ = {isa = PBXBuildFile; fileRef = 2A0C40C2227228D000ED8CBE /* Main.storyboard */; };
		2A0C40D0227228D000ED8CBE /* dlabTests.swift in Sources */ = {isa = PBXBuildFile; fileRef = 2A0C40CF227228D000ED8CBE /* dlabTests.swift */; };
		2A0C40DB22722E0700ED8CBE /* SNP.vcf in Resources */ = {isa = PBXBuildFile; fileRef = 2A0C40DA22722E0700ED8CBE /* SNP.vcf */; };
		2A0C40DD22724A5F00ED8CBE /* dlab in Resources */ = {isa = PBXBuildFile; fileRef = 2A0C40DC22724A5F00ED8CBE /* dlab */; };
/* End PBXBuildFile section */

/* Begin PBXContainerItemProxy section */
		2A0C40CC227228D000ED8CBE /* PBXContainerItemProxy */ = {
			isa = PBXContainerItemProxy;
			containerPortal = 2A0C40B1227228CF00ED8CBE /* Project object */;
			proxyType = 1;
			remoteGlobalIDString = 2A0C40B8227228CF00ED8CBE;
			remoteInfo = dlab;
		};
/* End PBXContainerItemProxy section */

/* Begin PBXFileReference section */
		2A0C40B9227228CF00ED8CBE /* dlab.app */ = {isa = PBXFileReference; explicitFileType = wrapper.application; includeInIndex = 0; path = dlab.app; sourceTree = BUILT_PRODUCTS_DIR; };
		2A0C40BC227228CF00ED8CBE /* AppDelegate.swift */ = {isa = PBXFileReference; lastKnownFileType = sourcecode.swift; path = AppDelegate.swift; sourceTree = "<group>"; };
		2A0C40BE227228CF00ED8CBE /* ViewController.swift */ = {isa = PBXFileReference; lastKnownFileType = sourcecode.swift; path = ViewController.swift; sourceTree = "<group>"; };
		2A0C40C0227228D000ED8CBE /* Assets.xcassets */ = {isa = PBXFileReference; lastKnownFileType = folder.assetcatalog; path = Assets.xcassets; sourceTree = "<group>"; };
		2A0C40C3227228D000ED8CBE /* Base */ = {isa = PBXFileReference; lastKnownFileType = file.storyboard; name = Base; path = Base.lproj/Main.storyboard; sourceTree = "<group>"; };
		2A0C40C5227228D000ED8CBE /* Info.plist */ = {isa = PBXFileReference; lastKnownFileType = text.plist.xml; path = Info.plist; sourceTree = "<group>"; };
		2A0C40C6227228D000ED8CBE /* dlab.entitlements */ = {isa = PBXFileReference; lastKnownFileType = text.plist.entitlements; path = dlab.entitlements; sourceTree = "<group>"; };
		2A0C40CB227228D000ED8CBE /* dlabTests.xctest */ = {isa = PBXFileReference; explicitFileType = wrapper.cfbundle; includeInIndex = 0; path = dlabTests.xctest; sourceTree = BUILT_PRODUCTS_DIR; };
		2A0C40CF227228D000ED8CBE /* dlabTests.swift */ = {isa = PBXFileReference; lastKnownFileType = sourcecode.swift; path = dlabTests.swift; sourceTree = "<group>"; };
		2A0C40D1227228D000ED8CBE /* Info.plist */ = {isa = PBXFileReference; lastKnownFileType = text.plist.xml; path = Info.plist; sourceTree = "<group>"; };
		2A0C40DA22722E0700ED8CBE /* SNP.vcf */ = {isa = PBXFileReference; fileEncoding = 4; lastKnownFileType = text; path = SNP.vcf; sourceTree = "<group>"; };
		2A0C40DC22724A5F00ED8CBE /* dlab */ = {isa = PBXFileReference; lastKnownFileType = folder; name = dlab; sourceTree = "<group>"; };
/* End PBXFileReference section */

/* Begin PBXFrameworksBuildPhase section */
		2A0C40B6227228CF00ED8CBE /* Frameworks */ = {
			isa = PBXFrameworksBuildPhase;
			buildActionMask = 2147483647;
			files = (
			);
			runOnlyForDeploymentPostprocessing = 0;
		};
		2A0C40C8227228D000ED8CBE /* Frameworks */ = {
			isa = PBXFrameworksBuildPhase;
			buildActionMask = 2147483647;
			files = (
			);
			runOnlyForDeploymentPostprocessing = 0;
		};
/* End PBXFrameworksBuildPhase section */

/* Begin PBXGroup section */
		2A0C40B0227228CF00ED8CBE = {
			isa = PBXGroup;
			children = (
				2A0C40BB227228CF00ED8CBE /* dlab */,
				2A0C40CE227228D000ED8CBE /* dlabTests */,
				2A0C40BA227228CF00ED8CBE /* Products */,
			);
			sourceTree = "<group>";
		};
		2A0C40BA227228CF00ED8CBE /* Products */ = {
			isa = PBXGroup;
			children = (
				2A0C40B9227228CF00ED8CBE /* dlab.app */,
				2A0C40CB227228D000ED8CBE /* dlabTests.xctest */,
			);
			name = Products;
			sourceTree = "<group>";
		};
		2A0C40BB227228CF00ED8CBE /* dlab */ = {
			isa = PBXGroup;
			children = (
				2A0C40BC227228CF00ED8CBE /* AppDelegate.swift */,
				2A0C40BE227228CF00ED8CBE /* ViewController.swift */,
				2A0C40C0227228D000ED8CBE /* Assets.xcassets */,
				2A0C40C2227228D000ED8CBE /* Main.storyboard */,
				2A0C40C5227228D000ED8CBE /* Info.plist */,
				2A0C40C6227228D000ED8CBE /* dlab.entitlements */,
				2A0C40DA22722E0700ED8CBE /* SNP.vcf */,
				2A0C40DC22724A5F00ED8CBE /* dlab */,
			);
			path = dlab;
			sourceTree = "<group>";
		};
		2A0C40CE227228D000ED8CBE /* dlabTests */ = {
			isa = PBXGroup;
			children = (
				2A0C40CF227228D000ED8CBE /* dlabTests.swift */,
				2A0C40D1227228D000ED8CBE /* Info.plist */,
			);
			path = dlabTests;
			sourceTree = "<group>";
		};
/* End PBXGroup section */

/* Begin PBXNativeTarget section */
		2A0C40B8227228CF00ED8CBE /* dlab */ = {
			isa = PBXNativeTarget;
			buildConfigurationList = 2A0C40D4227228D000ED8CBE /* Build configuration list for PBXNativeTarget "dlab" */;
			buildPhases = (
				2A0C40B5227228CF00ED8CBE /* Sources */,
				2A0C40B6227228CF00ED8CBE /* Frameworks */,
				2A0C40B7227228CF00ED8CBE /* Resources */,
			);
			buildRules = (
			);
			dependencies = (
			);
			name = dlab;
			productName = dlab;
			productReference = 2A0C40B9227228CF00ED8CBE /* dlab.app */;
			productType = "com.apple.product-type.application";
		};
		2A0C40CA227228D000ED8CBE /* dlabTests */ = {
			isa = PBXNativeTarget;
			buildConfigurationList = 2A0C40D7227228D000ED8CBE /* Build configuration list for PBXNativeTarget "dlabTests" */;
			buildPhases = (
				2A0C40C7227228D000ED8CBE /* Sources */,
				2A0C40C8227228D000ED8CBE /* Frameworks */,
				2A0C40C9227228D000ED8CBE /* Resources */,
			);
			buildRules = (
			);
			dependencies = (
				2A0C40CD227228D000ED8CBE /* PBXTargetDependency */,
			);
			name = dlabTests;
			productName = dlabTests;
			productReference = 2A0C40CB227228D000ED8CBE /* dlabTests.xctest */;
			productType = "com.apple.product-type.bundle.unit-test";
		};
/* End PBXNativeTarget section */

/* Begin PBXProject section */
		2A0C40B1227228CF00ED8CBE /* Project object */ = {
			isa = PBXProject;
			attributes = {
				LastSwiftUpdateCheck = 1020;
				LastUpgradeCheck = 1020;
				ORGANIZATIONNAME = "Rodney Dyer";
				TargetAttributes = {
					2A0C40B8227228CF00ED8CBE = {
						CreatedOnToolsVersion = 10.2.1;
					};
					2A0C40CA227228D000ED8CBE = {
						CreatedOnToolsVersion = 10.2.1;
						TestTargetID = 2A0C40B8227228CF00ED8CBE;
					};
				};
			};
			buildConfigurationList = 2A0C40B4227228CF00ED8CBE /* Build configuration list for PBXProject "dlab" */;
			compatibilityVersion = "Xcode 9.3";
			developmentRegion = en;
			hasScannedForEncodings = 0;
			knownRegions = (
				en,
				Base,
			);
			mainGroup = 2A0C40B0227228CF00ED8CBE;
			productRefGroup = 2A0C40BA227228CF00ED8CBE /* Products */;
			projectDirPath = "";
			projectRoot = "";
			targets = (
				2A0C40B8227228CF00ED8CBE /* dlab */,
				2A0C40CA227228D000ED8CBE /* dlabTests */,
			);
		};
/* End PBXProject section */

/* Begin PBXResourcesBuildPhase section */
		2A0C40B7227228CF00ED8CBE /* Resources */ = {
			isa = PBXResourcesBuildPhase;
			buildActionMask = 2147483647;
			files = (
				2A0C40DB22722E0700ED8CBE /* SNP.vcf in Resources */,
				2A0C40C1227228D000ED8CBE /* Assets.xcassets in Resources */,
				2A0C40C4227228D000ED8CBE /* Main.storyboard in Resources */,
				2A0C40DD22724A5F00ED8CBE /* dlab in Resources */,
			);
			runOnlyForDeploymentPostprocessing = 0;
		};
		2A0C40C9227228D000ED8CBE /* Resources */ = {
			isa = PBXResourcesBuildPhase;
			buildActionMask = 2147483647;
			files = (
			);
			runOnlyForDeploymentPostprocessing = 0;
		};
/* End PBXResourcesBuildPhase section */

/* Begin PBXSourcesBuildPhase section */
		2A0C40B5227228CF00ED8CBE /* Sources */ = {
			isa = PBXSourcesBuildPhase;
			buildActionMask = 2147483647;
			files = (
				2A0C40BF227228CF00ED8CBE /* ViewController.swift in Sources */,
				2A0C40BD227228CF00ED8CBE /* AppDelegate.swift in Sources */,
			);
			runOnlyForDeploymentPostprocessing = 0;
		};
		2A0C40C7227228D000ED8CBE /* Sources */ = {
			isa = PBXSourcesBuildPhase;
			buildActionMask = 2147483647;
			files = (
				2A0C40D0227228D000ED8CBE /* dlabTests.swift in Sources */,
			);
			runOnlyForDeploymentPostprocessing = 0;
		};
/* End PBXSourcesBuildPhase section */

/* Begin PBXTargetDependency section */
		2A0C40CD227228D000ED8CBE /* PBXTargetDependency */ = {
			isa = PBXTargetDependency;
			target = 2A0C40B8227228CF00ED8CBE /* dlab */;
			targetProxy = 2A0C40CC227228D000ED8CBE /* PBXContainerItemProxy */;
		};
/* End PBXTargetDependency section */

/* Begin PBXVariantGroup section */
		2A0C40C2227228D000ED8CBE /* Main.storyboard */ = {
			isa = PBXVariantGroup;
			children = (
				2A0C40C3227228D000ED8CBE /* Base */,
			);
			name = Main.storyboard;
			sourceTree = "<group>";
		};
/* End PBXVariantGroup section */

/* Begin XCBuildConfiguration section */
		2A0C40D2227228D000ED8CBE /* Debug */ = {
			isa = XCBuildConfiguration;
			buildSettings = {
				ALWAYS_SEARCH_USER_PATHS = NO;
				CLANG_ANALYZER_NONNULL = YES;
				CLANG_ANALYZER_NUMBER_OBJECT_CONVERSION = YES_AGGRESSIVE;
				CLANG_CXX_LANGUAGE_STANDARD = "gnu++14";
				CLANG_CXX_LIBRARY = "libc++";
				CLANG_ENABLE_MODULES = YES;
				CLANG_ENABLE_OBJC_ARC = YES;
				CLANG_ENABLE_OBJC_WEAK = YES;
				CLANG_WARN_BLOCK_CAPTURE_AUTORELEASING = YES;
				CLANG_WARN_BOOL_CONVERSION = YES;
				CLANG_WARN_COMMA = YES;
				CLANG_WARN_CONSTANT_CONVERSION = YES;
				CLANG_WARN_DEPRECATED_OBJC_IMPLEMENTATIONS = YES;
				CLANG_WARN_DIRECT_OBJC_ISA_USAGE = YES_ERROR;
				CLANG_WARN_DOCUMENTATION_COMMENTS = YES;
				CLANG_WARN_EMPTY_BODY = YES;
				CLANG_WARN_ENUM_CONVERSION = YES;
				CLANG_WARN_INFINITE_RECURSION = YES;
				CLANG_WARN_INT_CONVERSION = YES;
				CLANG_WARN_NON_LITERAL_NULL_CONVERSION = YES;
				CLANG_WARN_OBJC_IMPLICIT_RETAIN_SELF = YES;
				CLANG_WARN_OBJC_LITERAL_CONVERSION = YES;
				CLANG_WARN_OBJC_ROOT_CLASS = YES_ERROR;
				CLANG_WARN_RANGE_LOOP_ANALYSIS = YES;
				CLANG_WARN_STRICT_PROTOTYPES = YES;
				CLANG_WARN_SUSPICIOUS_MOVE = YES;
				CLANG_WARN_UNGUARDED_AVAILABILITY = YES_AGGRESSIVE;
				CLANG_WARN_UNREACHABLE_CODE = YES;
				CLANG_WARN__DUPLICATE_METHOD_MATCH = YES;
				CODE_SIGN_IDENTITY = "Mac Developer";
				COPY_PHASE_STRIP = NO;
				DEBUG_INFORMATION_FORMAT = dwarf;
				ENABLE_STRICT_OBJC_MSGSEND = YES;
				ENABLE_TESTABILITY = YES;
				GCC_C_LANGUAGE_STANDARD = gnu11;
				GCC_DYNAMIC_NO_PIC = NO;
				GCC_NO_COMMON_BLOCKS = YES;
				GCC_OPTIMIZATION_LEVEL = 0;
				GCC_PREPROCESSOR_DEFINITIONS = (
					"DEBUG=1",
					"$(inherited)",
				);
				GCC_WARN_64_TO_32_BIT_CONVERSION = YES;
				GCC_WARN_ABOUT_RETURN_TYPE = YES_ERROR;
				GCC_WARN_UNDECLARED_SELECTOR = YES;
				GCC_WARN_UNINITIALIZED_AUTOS = YES_AGGRESSIVE;
				GCC_WARN_UNUSED_FUNCTION = YES;
				GCC_WARN_UNUSED_VARIABLE = YES;
				MACOSX_DEPLOYMENT_TARGET = 10.14;
				MTL_ENABLE_DEBUG_INFO = INCLUDE_SOURCE;
				MTL_FAST_MATH = YES;
				ONLY_ACTIVE_ARCH = YES;
				SDKROOT = macosx;
				SWIFT_ACTIVE_COMPILATION_CONDITIONS = DEBUG;
				SWIFT_OPTIMIZATION_LEVEL = "-Onone";
			};
			name = Debug;
		};
		2A0C40D3227228D000ED8CBE /* Release */ = {
			isa = XCBuildConfiguration;
			buildSettings = {
				ALWAYS_SEARCH_USER_PATHS = NO;
				CLANG_ANALYZER_NONNULL = YES;
				CLANG_ANALYZER_NUMBER_OBJECT_CONVERSION = YES_AGGRESSIVE;
				CLANG_CXX_LANGUAGE_STANDARD = "gnu++14";
				CLANG_CXX_LIBRARY = "libc++";
				CLANG_ENABLE_MODULES = YES;
				CLANG_ENABLE_OBJC_ARC = YES;
				CLANG_ENABLE_OBJC_WEAK = YES;
				CLANG_WARN_BLOCK_CAPTURE_AUTORELEASING = YES;
				CLANG_WARN_BOOL_CONVERSION = YES;
				CLANG_WARN_COMMA = YES;
				CLANG_WARN_CONSTANT_CONVERSION = YES;
				CLANG_WARN_DEPRECATED_OBJC_IMPLEMENTATIONS = YES;
				CLANG_WARN_DIRECT_OBJC_ISA_USAGE = YES_ERROR;
				CLANG_WARN_DOCUMENTATION_COMMENTS = YES;
				CLANG_WARN_EMPTY_BODY = YES;
				CLANG_WARN_ENUM_CONVERSION = YES;
				CLANG_WARN_INFINITE_RECURSION = YES;
				CLANG_WARN_INT_CONVERSION = YES;
				CLANG_WARN_NON_LITERAL_NULL_CONVERSION = YES;
				CLANG_WARN_OBJC_IMPLICIT_RETAIN_SELF = YES;
				CLANG_WARN_OBJC_LITERAL_CONVERSION = YES;
				CLANG_WARN_OBJC_ROOT_CLASS = YES_ERROR;
				CLANG_WARN_RANGE_LOOP_ANALYSIS = YES;
				CLANG_WARN_STRICT_PROTOTYPES = YES;
				CLANG_WARN_SUSPICIOUS_MOVE = YES;
				CLANG_WARN_UNGUARDED_AVAILABILITY = YES_AGGRESSIVE;
				CLANG_WARN_UNREACHABLE_CODE = YES;
				CLANG_WARN__DUPLICATE_METHOD_MATCH = YES;
				CODE_SIGN_IDENTITY = "Mac Developer";
				COPY_PHASE_STRIP = NO;
				DEBUG_INFORMATION_FORMAT = "dwarf-with-dsym";
				ENABLE_NS_ASSERTIONS = NO;
				ENABLE_STRICT_OBJC_MSGSEND = YES;
				GCC_C_LANGUAGE_STANDARD = gnu11;
				GCC_NO_COMMON_BLOCKS = YES;
				GCC_WARN_64_TO_32_BIT_CONVERSION = YES;
				GCC_WARN_ABOUT_RETURN_TYPE = YES_ERROR;
				GCC_WARN_UNDECLARED_SELECTOR = YES;
				GCC_WARN_UNINITIALIZED_AUTOS = YES_AGGRESSIVE;
				GCC_WARN_UNUSED_FUNCTION = YES;
				GCC_WARN_UNUSED_VARIABLE = YES;
				MACOSX_DEPLOYMENT_TARGET = 10.14;
				MTL_ENABLE_DEBUG_INFO = NO;
				MTL_FAST_MATH = YES;
				SDKROOT = macosx;
				SWIFT_COMPILATION_MODE = wholemodule;
				SWIFT_OPTIMIZATION_LEVEL = "-O";
			};
			name = Release;
		};
		2A0C40D5227228D000ED8CBE /* Debug */ = {
			isa = XCBuildConfiguration;
			buildSettings = {
				ASSETCATALOG_COMPILER_APPICON_NAME = AppIcon;
				CODE_SIGN_ENTITLEMENTS = dlab/dlab.entitlements;
				CODE_SIGN_STYLE = Automatic;
				COMBINE_HIDPI_IMAGES = YES;
				DEVELOPMENT_TEAM = 626QFAP74Z;
				INFOPLIST_FILE = dlab/Info.plist;
				LD_RUNPATH_SEARCH_PATHS = (
					"$(inherited)",
					"@executable_path/../Frameworks",
				);
				PRODUCT_BUNDLE_IDENTIFIER = com.dyerlab.dlab;
				PRODUCT_NAME = "$(TARGET_NAME)";
				SWIFT_VERSION = 5.0;
			};
			name = Debug;
		};
		2A0C40D6227228D000ED8CBE /* Release */ = {
			isa = XCBuildConfiguration;
			buildSettings = {
				ASSETCATALOG_COMPILER_APPICON_NAME = AppIcon;
				CODE_SIGN_ENTITLEMENTS = dlab/dlab.entitlements;
				CODE_SIGN_STYLE = Automatic;
				COMBINE_HIDPI_IMAGES = YES;
				DEVELOPMENT_TEAM = 626QFAP74Z;
				INFOPLIST_FILE = dlab/Info.plist;
				LD_RUNPATH_SEARCH_PATHS = (
					"$(inherited)",
					"@executable_path/../Frameworks",
				);
				PRODUCT_BUNDLE_IDENTIFIER = com.dyerlab.dlab;
				PRODUCT_NAME = "$(TARGET_NAME)";
				SWIFT_VERSION = 5.0;
			};
			name = Release;
		};
		2A0C40D8227228D000ED8CBE /* Debug */ = {
			isa = XCBuildConfiguration;
			buildSettings = {
				ALWAYS_EMBED_SWIFT_STANDARD_LIBRARIES = YES;
				BUNDLE_LOADER = "$(TEST_HOST)";
				CODE_SIGN_STYLE = Automatic;
				COMBINE_HIDPI_IMAGES = YES;
				DEVELOPMENT_TEAM = 626QFAP74Z;
				INFOPLIST_FILE = dlabTests/Info.plist;
				LD_RUNPATH_SEARCH_PATHS = (
					"$(inherited)",
					"@executable_path/../Frameworks",
					"@loader_path/../Frameworks",
				);
				PRODUCT_BUNDLE_IDENTIFIER = com.dyerlab.dlabTests;
				PRODUCT_NAME = "$(TARGET_NAME)";
				SWIFT_VERSION = 5.0;
				TEST_HOST = "$(BUILT_PRODUCTS_DIR)/dlab.app/Contents/MacOS/dlab";
			};
			name = Debug;
		};
		2A0C40D9227228D000ED8CBE /* Release */ = {
			isa = XCBuildConfiguration;
			buildSettings = {
				ALWAYS_EMBED_SWIFT_STANDARD_LIBRARIES = YES;
				BUNDLE_LOADER = "$(TEST_HOST)";
				CODE_SIGN_STYLE = Automatic;
				COMBINE_HIDPI_IMAGES = YES;
				DEVELOPMENT_TEAM = 626QFAP74Z;
				INFOPLIST_FILE = dlabTests/Info.plist;
				LD_RUNPATH_SEARCH_PATHS = (
					"$(inherited)",
					"@executable_path/../Frameworks",
					"@loader_path/../Frameworks",
				);
				PRODUCT_BUNDLE_IDENTIFIER = com.dyerlab.dlabTests;
				PRODUCT_NAME = "$(TARGET_NAME)";
				SWIFT_VERSION = 5.0;
				TEST_HOST = "$(BUILT_PRODUCTS_DIR)/dlab.app/Contents/MacOS/dlab";
			};
			name = Release;
		};
/* End XCBuildConfiguration section */

/* Begin XCConfigurationList section */
		2A0C40B4227228CF00ED8CBE /* Build configuration list for PBXProject "dlab" */ = {
			isa = XCConfigurationList;
			buildConfigurations = (
				2A0C40D2227228D000ED8CBE /* Debug */,
				2A0C40D3227228D000ED8CBE /* Release */,
			);
			defaultConfigurationIsVisible = 0;
			defaultConfigurationName = Release;
		};
		2A0C40D4227228D000ED8CBE /* Build configuration list for PBXNativeTarget "dlab" */ = {
			isa = XCConfigurationList;
			buildConfigurations = (
				2A0C40D5227228D000ED8CBE /* Debug */,
				2A0C40D6227228D000ED8CBE /* Release */,
			);
			defaultConfigurationIsVisible = 0;
			defaultConfigurationName = Release;
		};
		2A0C40D7227228D000ED8CBE /* Build configuration list for PBXNativeTarget "dlabTests" */ = {
			isa = XCConfigurationList;
			buildConfigurations = (
				2A0C40D8227228D000ED8CBE /* Debug */,
				2A0C40D9227228D000ED8CBE /* Release */,
			);
			defaultConfigurationIsVisible = 0;
			defaultConfigurationName = Release;
		};
/* End XCConfigurationList section */
	};
	rootObject = 2A0C40B1227228CF00ED8CBE /* Project object */;
}
