// !$*UTF8*$!
{
	archiveVersion = 1;
	classes = {
	};
	objectVersion = 50;
	objects = {

/* Begin PBXBuildFile section */
		2A19FB832275ED9200B7D97D /* Genotype.swift in Sources */ = {isa = PBXBuildFile; fileRef = 2A4EB6512275ED1000374CA5 /* Genotype.swift */; };
		2A19FB842275ED9200B7D97D /* Genotype.swift in Sources */ = {isa = PBXBuildFile; fileRef = 2A4EB6512275ED1000374CA5 /* Genotype.swift */; };
		2A19FB852275ED9A00B7D97D /* Locus.swift in Sources */ = {isa = PBXBuildFile; fileRef = 2A4EB6522275ED1000374CA5 /* Locus.swift */; };
		2A19FB862275ED9A00B7D97D /* Frequencies.swift in Sources */ = {isa = PBXBuildFile; fileRef = 2A4EB6532275ED1000374CA5 /* Frequencies.swift */; };
		2A19FB872275ED9A00B7D97D /* Individual.swift in Sources */ = {isa = PBXBuildFile; fileRef = 2A4EB6542275ED1000374CA5 /* Individual.swift */; };
		2A19FB882275ED9A00B7D97D /* Coordiante.swift in Sources */ = {isa = PBXBuildFile; fileRef = 2A4EB6552275ED1000374CA5 /* Coordiante.swift */; };
		2A19FB892275ED9A00B7D97D /* DataSet.swift in Sources */ = {isa = PBXBuildFile; fileRef = 2A4EB6562275ED1000374CA5 /* DataSet.swift */; };
		2A19FB8A2275ED9B00B7D97D /* Locus.swift in Sources */ = {isa = PBXBuildFile; fileRef = 2A4EB6522275ED1000374CA5 /* Locus.swift */; };
		2A19FB8B2275ED9B00B7D97D /* Frequencies.swift in Sources */ = {isa = PBXBuildFile; fileRef = 2A4EB6532275ED1000374CA5 /* Frequencies.swift */; };
		2A19FB8C2275ED9B00B7D97D /* Individual.swift in Sources */ = {isa = PBXBuildFile; fileRef = 2A4EB6542275ED1000374CA5 /* Individual.swift */; };
		2A19FB8D2275ED9B00B7D97D /* Coordiante.swift in Sources */ = {isa = PBXBuildFile; fileRef = 2A4EB6552275ED1000374CA5 /* Coordiante.swift */; };
		2A19FB8E2275ED9B00B7D97D /* DataSet.swift in Sources */ = {isa = PBXBuildFile; fileRef = 2A4EB6562275ED1000374CA5 /* DataSet.swift */; };
		2A19FB8F2275EDA100B7D97D /* DataSetDialogController.swift in Sources */ = {isa = PBXBuildFile; fileRef = 2A4EB64E2275ED1000374CA5 /* DataSetDialogController.swift */; };
		2A19FB902275EDA100B7D97D /* DataSetDialogController.xib in Resources */ = {isa = PBXBuildFile; fileRef = 2A4EB64F2275ED1000374CA5 /* DataSetDialogController.xib */; };
		2A19FB912275EDA200B7D97D /* DataSetDialogController.swift in Sources */ = {isa = PBXBuildFile; fileRef = 2A4EB64E2275ED1000374CA5 /* DataSetDialogController.swift */; };
		2A19FB922275EDA200B7D97D /* DataSetDialogController.xib in Resources */ = {isa = PBXBuildFile; fileRef = 2A4EB64F2275ED1000374CA5 /* DataSetDialogController.xib */; };
		2A19FB932275EDA700B7D97D /* CLLocationCoordinate2D.swift in Sources */ = {isa = PBXBuildFile; fileRef = 2A4EB64A2275ED1000374CA5 /* CLLocationCoordinate2D.swift */; };
		2A19FB942275EDA700B7D97D /* Matrix.swift in Sources */ = {isa = PBXBuildFile; fileRef = 2A4EB64B2275ED1000374CA5 /* Matrix.swift */; };
		2A19FB952275EDA700B7D97D /* DataProvider.swift in Sources */ = {isa = PBXBuildFile; fileRef = 2A4EB64C2275ED1000374CA5 /* DataProvider.swift */; };
		2A19FB962275EDA800B7D97D /* CLLocationCoordinate2D.swift in Sources */ = {isa = PBXBuildFile; fileRef = 2A4EB64A2275ED1000374CA5 /* CLLocationCoordinate2D.swift */; };
		2A19FB972275EDA800B7D97D /* Matrix.swift in Sources */ = {isa = PBXBuildFile; fileRef = 2A4EB64B2275ED1000374CA5 /* Matrix.swift */; };
		2A19FB982275EDA800B7D97D /* DataProvider.swift in Sources */ = {isa = PBXBuildFile; fileRef = 2A4EB64C2275ED1000374CA5 /* DataProvider.swift */; };
		2A19FB9A2275F5D100B7D97D /* Array.swift in Sources */ = {isa = PBXBuildFile; fileRef = 2A19FB992275F5D100B7D97D /* Array.swift */; };
		2A19FB9B2275F5D100B7D97D /* Array.swift in Sources */ = {isa = PBXBuildFile; fileRef = 2A19FB992275F5D100B7D97D /* Array.swift */; };
		2A19FBA42275FD1200B7D97D /* MainWindowController.swift in Sources */ = {isa = PBXBuildFile; fileRef = 2A19FBA32275FD1200B7D97D /* MainWindowController.swift */; };
		2A19FBA82276003000B7D97D /* CategoryViewVC.swift in Sources */ = {isa = PBXBuildFile; fileRef = 2A19FBA72276003000B7D97D /* CategoryViewVC.swift */; };
		2A19FBAA227604F000B7D97D /* OutlineCategory.swift in Sources */ = {isa = PBXBuildFile; fileRef = 2A19FBA9227604F000B7D97D /* OutlineCategory.swift */; };
		2A19FBAB227604F000B7D97D /* OutlineCategory.swift in Sources */ = {isa = PBXBuildFile; fileRef = 2A19FBA9227604F000B7D97D /* OutlineCategory.swift */; };
		2A4EB6072275ECA200374CA5 /* AppDelegate.swift in Sources */ = {isa = PBXBuildFile; fileRef = 2A4EB6062275ECA200374CA5 /* AppDelegate.swift */; };
		2A4EB60B2275ECA300374CA5 /* Assets.xcassets in Resources */ = {isa = PBXBuildFile; fileRef = 2A4EB60A2275ECA300374CA5 /* Assets.xcassets */; };
		2A4EB60E2275ECA300374CA5 /* Main.storyboard in Resources */ = {isa = PBXBuildFile; fileRef = 2A4EB60C2275ECA300374CA5 /* Main.storyboard */; };
		2A4EB61A2275ECA300374CA5 /* DLabTests.swift in Sources */ = {isa = PBXBuildFile; fileRef = 2A4EB6192275ECA300374CA5 /* DLabTests.swift */; };
		2A4EB6252275ECA300374CA5 /* DLabUITests.swift in Sources */ = {isa = PBXBuildFile; fileRef = 2A4EB6242275ECA300374CA5 /* DLabUITests.swift */; };
		2A4EB6442275ED0300374CA5 /* LocusTests.swift in Sources */ = {isa = PBXBuildFile; fileRef = 2A4EB63E2275ED0100374CA5 /* LocusTests.swift */; };
		2A4EB6452275ED0300374CA5 /* FrequenciesTests.swift in Sources */ = {isa = PBXBuildFile; fileRef = 2A4EB6432275ED0200374CA5 /* FrequenciesTests.swift */; };
		2A4EB6462275ED0300374CA5 /* CoordinateTests.swift in Sources */ = {isa = PBXBuildFile; fileRef = 2A4EB6412275ED0200374CA5 /* CoordinateTests.swift */; };
		2A4EB6472275ED0300374CA5 /* MatrixTests.swift in Sources */ = {isa = PBXBuildFile; fileRef = 2A4EB6422275ED0200374CA5 /* MatrixTests.swift */; };
		2A4EB6482275ED0300374CA5 /* IndividualTests.swift in Sources */ = {isa = PBXBuildFile; fileRef = 2A4EB6402275ED0200374CA5 /* IndividualTests.swift */; };
		2A4EB6492275ED0300374CA5 /* GenotypeTests.swift in Sources */ = {isa = PBXBuildFile; fileRef = 2A4EB63F2275ED0200374CA5 /* GenotypeTests.swift */; };
		2A62C5A622774B5E00D6EB09 /* OutlineItem.swift in Sources */ = {isa = PBXBuildFile; fileRef = 2A62C5A522774B5E00D6EB09 /* OutlineItem.swift */; };
		2A62C5A722774B5E00D6EB09 /* OutlineItem.swift in Sources */ = {isa = PBXBuildFile; fileRef = 2A62C5A522774B5E00D6EB09 /* OutlineItem.swift */; };
		2A62C5A922774D1200D6EB09 /* DataCollectionVC.swift in Sources */ = {isa = PBXBuildFile; fileRef = 2A62C5A822774D1200D6EB09 /* DataCollectionVC.swift */; };
		2A62C5AA22774D1200D6EB09 /* DataCollectionVC.swift in Sources */ = {isa = PBXBuildFile; fileRef = 2A62C5A822774D1200D6EB09 /* DataCollectionVC.swift */; };
		2A62C5AD2277603400D6EB09 /* CollectionViewItem.swift in Sources */ = {isa = PBXBuildFile; fileRef = 2A62C5AB2277603400D6EB09 /* CollectionViewItem.swift */; };
		2A62C5AE2277603400D6EB09 /* CollectionViewItem.swift in Sources */ = {isa = PBXBuildFile; fileRef = 2A62C5AB2277603400D6EB09 /* CollectionViewItem.swift */; };
		2A62C5AF2277603400D6EB09 /* CollectionViewItem.xib in Resources */ = {isa = PBXBuildFile; fileRef = 2A62C5AC2277603400D6EB09 /* CollectionViewItem.xib */; };
		2A62C5B02277603400D6EB09 /* CollectionViewItem.xib in Resources */ = {isa = PBXBuildFile; fileRef = 2A62C5AC2277603400D6EB09 /* CollectionViewItem.xib */; };
/* End PBXBuildFile section */

/* Begin PBXContainerItemProxy section */
		2A4EB6162275ECA300374CA5 /* PBXContainerItemProxy */ = {
			isa = PBXContainerItemProxy;
			containerPortal = 2A4EB5FB2275ECA200374CA5 /* Project object */;
			proxyType = 1;
			remoteGlobalIDString = 2A4EB6022275ECA200374CA5;
			remoteInfo = DLab;
		};
		2A4EB6212275ECA300374CA5 /* PBXContainerItemProxy */ = {
			isa = PBXContainerItemProxy;
			containerPortal = 2A4EB5FB2275ECA200374CA5 /* Project object */;
			proxyType = 1;
			remoteGlobalIDString = 2A4EB6022275ECA200374CA5;
			remoteInfo = DLab;
		};
/* End PBXContainerItemProxy section */

/* Begin PBXFileReference section */
		2A19FB992275F5D100B7D97D /* Array.swift */ = {isa = PBXFileReference; lastKnownFileType = sourcecode.swift; path = Array.swift; sourceTree = "<group>"; };
		2A19FBA32275FD1200B7D97D /* MainWindowController.swift */ = {isa = PBXFileReference; lastKnownFileType = sourcecode.swift; path = MainWindowController.swift; sourceTree = "<group>"; };
		2A19FBA72276003000B7D97D /* CategoryViewVC.swift */ = {isa = PBXFileReference; lastKnownFileType = sourcecode.swift; path = CategoryViewVC.swift; sourceTree = "<group>"; };
		2A19FBA9227604F000B7D97D /* OutlineCategory.swift */ = {isa = PBXFileReference; lastKnownFileType = sourcecode.swift; path = OutlineCategory.swift; sourceTree = "<group>"; };
		2A4EB6032275ECA200374CA5 /* DLab.app */ = {isa = PBXFileReference; explicitFileType = wrapper.application; includeInIndex = 0; path = DLab.app; sourceTree = BUILT_PRODUCTS_DIR; };
		2A4EB6062275ECA200374CA5 /* AppDelegate.swift */ = {isa = PBXFileReference; lastKnownFileType = sourcecode.swift; path = AppDelegate.swift; sourceTree = "<group>"; };
		2A4EB60A2275ECA300374CA5 /* Assets.xcassets */ = {isa = PBXFileReference; lastKnownFileType = folder.assetcatalog; path = Assets.xcassets; sourceTree = "<group>"; };
		2A4EB60D2275ECA300374CA5 /* Base */ = {isa = PBXFileReference; lastKnownFileType = file.storyboard; name = Base; path = Base.lproj/Main.storyboard; sourceTree = "<group>"; };
		2A4EB60F2275ECA300374CA5 /* Info.plist */ = {isa = PBXFileReference; lastKnownFileType = text.plist.xml; path = Info.plist; sourceTree = "<group>"; };
		2A4EB6102275ECA300374CA5 /* DLab.entitlements */ = {isa = PBXFileReference; lastKnownFileType = text.plist.entitlements; path = DLab.entitlements; sourceTree = "<group>"; };
		2A4EB6152275ECA300374CA5 /* DLabTests.xctest */ = {isa = PBXFileReference; explicitFileType = wrapper.cfbundle; includeInIndex = 0; path = DLabTests.xctest; sourceTree = BUILT_PRODUCTS_DIR; };
		2A4EB6192275ECA300374CA5 /* DLabTests.swift */ = {isa = PBXFileReference; lastKnownFileType = sourcecode.swift; path = DLabTests.swift; sourceTree = "<group>"; };
		2A4EB61B2275ECA300374CA5 /* Info.plist */ = {isa = PBXFileReference; lastKnownFileType = text.plist.xml; path = Info.plist; sourceTree = "<group>"; };
		2A4EB6202275ECA300374CA5 /* DLabUITests.xctest */ = {isa = PBXFileReference; explicitFileType = wrapper.cfbundle; includeInIndex = 0; path = DLabUITests.xctest; sourceTree = BUILT_PRODUCTS_DIR; };
		2A4EB6242275ECA300374CA5 /* DLabUITests.swift */ = {isa = PBXFileReference; lastKnownFileType = sourcecode.swift; path = DLabUITests.swift; sourceTree = "<group>"; };
		2A4EB6262275ECA300374CA5 /* Info.plist */ = {isa = PBXFileReference; lastKnownFileType = text.plist.xml; path = Info.plist; sourceTree = "<group>"; };
		2A4EB63E2275ED0100374CA5 /* LocusTests.swift */ = {isa = PBXFileReference; lastKnownFileType = sourcecode.swift; path = LocusTests.swift; sourceTree = "<group>"; };
		2A4EB63F2275ED0200374CA5 /* GenotypeTests.swift */ = {isa = PBXFileReference; lastKnownFileType = sourcecode.swift; path = GenotypeTests.swift; sourceTree = "<group>"; };
		2A4EB6402275ED0200374CA5 /* IndividualTests.swift */ = {isa = PBXFileReference; lastKnownFileType = sourcecode.swift; path = IndividualTests.swift; sourceTree = "<group>"; };
		2A4EB6412275ED0200374CA5 /* CoordinateTests.swift */ = {isa = PBXFileReference; lastKnownFileType = sourcecode.swift; path = CoordinateTests.swift; sourceTree = "<group>"; };
		2A4EB6422275ED0200374CA5 /* MatrixTests.swift */ = {isa = PBXFileReference; lastKnownFileType = sourcecode.swift; path = MatrixTests.swift; sourceTree = "<group>"; };
		2A4EB6432275ED0200374CA5 /* FrequenciesTests.swift */ = {isa = PBXFileReference; lastKnownFileType = sourcecode.swift; path = FrequenciesTests.swift; sourceTree = "<group>"; };
		2A4EB64A2275ED1000374CA5 /* CLLocationCoordinate2D.swift */ = {isa = PBXFileReference; lastKnownFileType = sourcecode.swift; path = CLLocationCoordinate2D.swift; sourceTree = "<group>"; };
		2A4EB64B2275ED1000374CA5 /* Matrix.swift */ = {isa = PBXFileReference; lastKnownFileType = sourcecode.swift; path = Matrix.swift; sourceTree = "<group>"; };
		2A4EB64C2275ED1000374CA5 /* DataProvider.swift */ = {isa = PBXFileReference; lastKnownFileType = sourcecode.swift; path = DataProvider.swift; sourceTree = "<group>"; };
		2A4EB64E2275ED1000374CA5 /* DataSetDialogController.swift */ = {isa = PBXFileReference; lastKnownFileType = sourcecode.swift; path = DataSetDialogController.swift; sourceTree = "<group>"; };
		2A4EB64F2275ED1000374CA5 /* DataSetDialogController.xib */ = {isa = PBXFileReference; lastKnownFileType = file.xib; path = DataSetDialogController.xib; sourceTree = "<group>"; };
		2A4EB6512275ED1000374CA5 /* Genotype.swift */ = {isa = PBXFileReference; lastKnownFileType = sourcecode.swift; path = Genotype.swift; sourceTree = "<group>"; };
		2A4EB6522275ED1000374CA5 /* Locus.swift */ = {isa = PBXFileReference; lastKnownFileType = sourcecode.swift; path = Locus.swift; sourceTree = "<group>"; };
		2A4EB6532275ED1000374CA5 /* Frequencies.swift */ = {isa = PBXFileReference; lastKnownFileType = sourcecode.swift; path = Frequencies.swift; sourceTree = "<group>"; };
		2A4EB6542275ED1000374CA5 /* Individual.swift */ = {isa = PBXFileReference; lastKnownFileType = sourcecode.swift; path = Individual.swift; sourceTree = "<group>"; };
		2A4EB6552275ED1000374CA5 /* Coordiante.swift */ = {isa = PBXFileReference; lastKnownFileType = sourcecode.swift; path = Coordiante.swift; sourceTree = "<group>"; };
		2A4EB6562275ED1000374CA5 /* DataSet.swift */ = {isa = PBXFileReference; lastKnownFileType = sourcecode.swift; path = DataSet.swift; sourceTree = "<group>"; };
		2A62C5A522774B5E00D6EB09 /* OutlineItem.swift */ = {isa = PBXFileReference; lastKnownFileType = sourcecode.swift; path = OutlineItem.swift; sourceTree = "<group>"; };
		2A62C5A822774D1200D6EB09 /* DataCollectionVC.swift */ = {isa = PBXFileReference; lastKnownFileType = sourcecode.swift; path = DataCollectionVC.swift; sourceTree = "<group>"; };
		2A62C5AB2277603400D6EB09 /* CollectionViewItem.swift */ = {isa = PBXFileReference; lastKnownFileType = sourcecode.swift; path = CollectionViewItem.swift; sourceTree = "<group>"; };
		2A62C5AC2277603400D6EB09 /* CollectionViewItem.xib */ = {isa = PBXFileReference; lastKnownFileType = file.xib; path = CollectionViewItem.xib; sourceTree = "<group>"; };
/* End PBXFileReference section */

/* Begin PBXFrameworksBuildPhase section */
		2A4EB6002275ECA200374CA5 /* Frameworks */ = {
			isa = PBXFrameworksBuildPhase;
			buildActionMask = 2147483647;
			files = (
			);
			runOnlyForDeploymentPostprocessing = 0;
		};
		2A4EB6122275ECA300374CA5 /* Frameworks */ = {
			isa = PBXFrameworksBuildPhase;
			buildActionMask = 2147483647;
			files = (
			);
			runOnlyForDeploymentPostprocessing = 0;
		};
		2A4EB61D2275ECA300374CA5 /* Frameworks */ = {
			isa = PBXFrameworksBuildPhase;
			buildActionMask = 2147483647;
			files = (
			);
			runOnlyForDeploymentPostprocessing = 0;
		};
/* End PBXFrameworksBuildPhase section */

/* Begin PBXGroup section */
		2A19FB9C2275F85000B7D97D /* MainWindow */ = {
			isa = PBXGroup;
			children = (
				2A4EB60C2275ECA300374CA5 /* Main.storyboard */,
				2A19FBA32275FD1200B7D97D /* MainWindowController.swift */,
				2A19FBA72276003000B7D97D /* CategoryViewVC.swift */,
				2A19FBA9227604F000B7D97D /* OutlineCategory.swift */,
				2A62C5A522774B5E00D6EB09 /* OutlineItem.swift */,
				2A62C5A822774D1200D6EB09 /* DataCollectionVC.swift */,
				2A62C5B12277603C00D6EB09 /* CollectionViewItems */,
			);
			path = MainWindow;
			sourceTree = "<group>";
		};
		2A4EB5FA2275ECA200374CA5 = {
			isa = PBXGroup;
			children = (
				2A4EB6052275ECA200374CA5 /* DLab */,
				2A4EB6182275ECA300374CA5 /* DLabTests */,
				2A4EB6232275ECA300374CA5 /* DLabUITests */,
				2A4EB6042275ECA200374CA5 /* Products */,
			);
			sourceTree = "<group>";
		};
		2A4EB6042275ECA200374CA5 /* Products */ = {
			isa = PBXGroup;
			children = (
				2A4EB6032275ECA200374CA5 /* DLab.app */,
				2A4EB6152275ECA300374CA5 /* DLabTests.xctest */,
				2A4EB6202275ECA300374CA5 /* DLabUITests.xctest */,
			);
			name = Products;
			sourceTree = "<group>";
		};
		2A4EB6052275ECA200374CA5 /* DLab */ = {
			isa = PBXGroup;
			children = (
				2A4EB6062275ECA200374CA5 /* AppDelegate.swift */,
				2A19FB9C2275F85000B7D97D /* MainWindow */,
				2A4EB64D2275ED1000374CA5 /* Base */,
				2A4EB6572275ED1000374CA5 /* Genetic */,
				2A4EB60A2275ECA300374CA5 /* Assets.xcassets */,
				2A4EB60F2275ECA300374CA5 /* Info.plist */,
				2A4EB6102275ECA300374CA5 /* DLab.entitlements */,
			);
			path = DLab;
			sourceTree = "<group>";
		};
		2A4EB6182275ECA300374CA5 /* DLabTests */ = {
			isa = PBXGroup;
			children = (
				2A4EB6192275ECA300374CA5 /* DLabTests.swift */,
				2A4EB61B2275ECA300374CA5 /* Info.plist */,
				2A4EB63F2275ED0200374CA5 /* GenotypeTests.swift */,
				2A4EB63E2275ED0100374CA5 /* LocusTests.swift */,
				2A4EB6432275ED0200374CA5 /* FrequenciesTests.swift */,
				2A4EB6402275ED0200374CA5 /* IndividualTests.swift */,
				2A4EB6412275ED0200374CA5 /* CoordinateTests.swift */,
				2A4EB6422275ED0200374CA5 /* MatrixTests.swift */,
			);
			path = DLabTests;
			sourceTree = "<group>";
		};
		2A4EB6232275ECA300374CA5 /* DLabUITests */ = {
			isa = PBXGroup;
			children = (
				2A4EB6242275ECA300374CA5 /* DLabUITests.swift */,
				2A4EB6262275ECA300374CA5 /* Info.plist */,
			);
			path = DLabUITests;
			sourceTree = "<group>";
		};
		2A4EB64D2275ED1000374CA5 /* Base */ = {
			isa = PBXGroup;
			children = (
				2A4EB64A2275ED1000374CA5 /* CLLocationCoordinate2D.swift */,
				2A4EB64B2275ED1000374CA5 /* Matrix.swift */,
				2A4EB64C2275ED1000374CA5 /* DataProvider.swift */,
				2A19FB992275F5D100B7D97D /* Array.swift */,
			);
			path = Base;
			sourceTree = "<group>";
		};
		2A4EB6502275ED1000374CA5 /* UI */ = {
			isa = PBXGroup;
			children = (
				2A4EB64E2275ED1000374CA5 /* DataSetDialogController.swift */,
				2A4EB64F2275ED1000374CA5 /* DataSetDialogController.xib */,
			);
			path = UI;
			sourceTree = "<group>";
		};
		2A4EB6572275ED1000374CA5 /* Genetic */ = {
			isa = PBXGroup;
			children = (
				2A4EB6502275ED1000374CA5 /* UI */,
				2A4EB6512275ED1000374CA5 /* Genotype.swift */,
				2A4EB6522275ED1000374CA5 /* Locus.swift */,
				2A4EB6532275ED1000374CA5 /* Frequencies.swift */,
				2A4EB6542275ED1000374CA5 /* Individual.swift */,
				2A4EB6552275ED1000374CA5 /* Coordiante.swift */,
				2A4EB6562275ED1000374CA5 /* DataSet.swift */,
			);
			path = Genetic;
			sourceTree = "<group>";
		};
		2A62C5B12277603C00D6EB09 /* CollectionViewItems */ = {
			isa = PBXGroup;
			children = (
				2A62C5AB2277603400D6EB09 /* CollectionViewItem.swift */,
				2A62C5AC2277603400D6EB09 /* CollectionViewItem.xib */,
			);
			path = CollectionViewItems;
			sourceTree = "<group>";
		};
/* End PBXGroup section */

/* Begin PBXNativeTarget section */
		2A4EB6022275ECA200374CA5 /* DLab */ = {
			isa = PBXNativeTarget;
			buildConfigurationList = 2A4EB6292275ECA300374CA5 /* Build configuration list for PBXNativeTarget "DLab" */;
			buildPhases = (
				2A4EB5FF2275ECA200374CA5 /* Sources */,
				2A4EB6002275ECA200374CA5 /* Frameworks */,
				2A4EB6012275ECA200374CA5 /* Resources */,
			);
			buildRules = (
			);
			dependencies = (
			);
			name = DLab;
			productName = DLab;
			productReference = 2A4EB6032275ECA200374CA5 /* DLab.app */;
			productType = "com.apple.product-type.application";
		};
		2A4EB6142275ECA300374CA5 /* DLabTests */ = {
			isa = PBXNativeTarget;
			buildConfigurationList = 2A4EB62C2275ECA300374CA5 /* Build configuration list for PBXNativeTarget "DLabTests" */;
			buildPhases = (
				2A4EB6112275ECA300374CA5 /* Sources */,
				2A4EB6122275ECA300374CA5 /* Frameworks */,
				2A4EB6132275ECA300374CA5 /* Resources */,
			);
			buildRules = (
			);
			dependencies = (
				2A4EB6172275ECA300374CA5 /* PBXTargetDependency */,
			);
			name = DLabTests;
			productName = DLabTests;
			productReference = 2A4EB6152275ECA300374CA5 /* DLabTests.xctest */;
			productType = "com.apple.product-type.bundle.unit-test";
		};
		2A4EB61F2275ECA300374CA5 /* DLabUITests */ = {
			isa = PBXNativeTarget;
			buildConfigurationList = 2A4EB62F2275ECA300374CA5 /* Build configuration list for PBXNativeTarget "DLabUITests" */;
			buildPhases = (
				2A4EB61C2275ECA300374CA5 /* Sources */,
				2A4EB61D2275ECA300374CA5 /* Frameworks */,
				2A4EB61E2275ECA300374CA5 /* Resources */,
			);
			buildRules = (
			);
			dependencies = (
				2A4EB6222275ECA300374CA5 /* PBXTargetDependency */,
			);
			name = DLabUITests;
			productName = DLabUITests;
			productReference = 2A4EB6202275ECA300374CA5 /* DLabUITests.xctest */;
			productType = "com.apple.product-type.bundle.ui-testing";
		};
/* End PBXNativeTarget section */

/* Begin PBXProject section */
		2A4EB5FB2275ECA200374CA5 /* Project object */ = {
			isa = PBXProject;
			attributes = {
				LastSwiftUpdateCheck = 1020;
				LastUpgradeCheck = 1020;
				ORGANIZATIONNAME = "Rodney Dyer";
				TargetAttributes = {
					2A4EB6022275ECA200374CA5 = {
						CreatedOnToolsVersion = 10.2.1;
					};
					2A4EB6142275ECA300374CA5 = {
						CreatedOnToolsVersion = 10.2.1;
						TestTargetID = 2A4EB6022275ECA200374CA5;
					};
					2A4EB61F2275ECA300374CA5 = {
						CreatedOnToolsVersion = 10.2.1;
						TestTargetID = 2A4EB6022275ECA200374CA5;
					};
				};
			};
			buildConfigurationList = 2A4EB5FE2275ECA200374CA5 /* Build configuration list for PBXProject "DLab" */;
			compatibilityVersion = "Xcode 9.3";
			developmentRegion = en;
			hasScannedForEncodings = 0;
			knownRegions = (
				en,
				Base,
			);
			mainGroup = 2A4EB5FA2275ECA200374CA5;
			productRefGroup = 2A4EB6042275ECA200374CA5 /* Products */;
			projectDirPath = "";
			projectRoot = "";
			targets = (
				2A4EB6022275ECA200374CA5 /* DLab */,
				2A4EB6142275ECA300374CA5 /* DLabTests */,
				2A4EB61F2275ECA300374CA5 /* DLabUITests */,
			);
		};
/* End PBXProject section */

/* Begin PBXResourcesBuildPhase section */
		2A4EB6012275ECA200374CA5 /* Resources */ = {
			isa = PBXResourcesBuildPhase;
			buildActionMask = 2147483647;
			files = (
				2A4EB60B2275ECA300374CA5 /* Assets.xcassets in Resources */,
				2A62C5AF2277603400D6EB09 /* CollectionViewItem.xib in Resources */,
				2A19FB902275EDA100B7D97D /* DataSetDialogController.xib in Resources */,
				2A4EB60E2275ECA300374CA5 /* Main.storyboard in Resources */,
			);
			runOnlyForDeploymentPostprocessing = 0;
		};
		2A4EB6132275ECA300374CA5 /* Resources */ = {
			isa = PBXResourcesBuildPhase;
			buildActionMask = 2147483647;
			files = (
				2A62C5B02277603400D6EB09 /* CollectionViewItem.xib in Resources */,
			);
			runOnlyForDeploymentPostprocessing = 0;
		};
		2A4EB61E2275ECA300374CA5 /* Resources */ = {
			isa = PBXResourcesBuildPhase;
			buildActionMask = 2147483647;
			files = (
				2A19FB922275EDA200B7D97D /* DataSetDialogController.xib in Resources */,
			);
			runOnlyForDeploymentPostprocessing = 0;
		};
/* End PBXResourcesBuildPhase section */

/* Begin PBXSourcesBuildPhase section */
		2A4EB5FF2275ECA200374CA5 /* Sources */ = {
			isa = PBXSourcesBuildPhase;
			buildActionMask = 2147483647;
			files = (
				2A19FB872275ED9A00B7D97D /* Individual.swift in Sources */,
				2A19FB852275ED9A00B7D97D /* Locus.swift in Sources */,
				2A19FB8F2275EDA100B7D97D /* DataSetDialogController.swift in Sources */,
				2A19FB932275EDA700B7D97D /* CLLocationCoordinate2D.swift in Sources */,
				2A19FBA82276003000B7D97D /* CategoryViewVC.swift in Sources */,
				2A19FB882275ED9A00B7D97D /* Coordiante.swift in Sources */,
				2A19FB942275EDA700B7D97D /* Matrix.swift in Sources */,
				2A19FB952275EDA700B7D97D /* DataProvider.swift in Sources */,
				2A19FBA42275FD1200B7D97D /* MainWindowController.swift in Sources */,
				2A19FB862275ED9A00B7D97D /* Frequencies.swift in Sources */,
				2A19FB9A2275F5D100B7D97D /* Array.swift in Sources */,
				2A62C5AD2277603400D6EB09 /* CollectionViewItem.swift in Sources */,
				2A62C5A622774B5E00D6EB09 /* OutlineItem.swift in Sources */,
				2A19FB832275ED9200B7D97D /* Genotype.swift in Sources */,
				2A62C5A922774D1200D6EB09 /* DataCollectionVC.swift in Sources */,
				2A19FB892275ED9A00B7D97D /* DataSet.swift in Sources */,
				2A19FBAA227604F000B7D97D /* OutlineCategory.swift in Sources */,
				2A4EB6072275ECA200374CA5 /* AppDelegate.swift in Sources */,
			);
			runOnlyForDeploymentPostprocessing = 0;
		};
		2A4EB6112275ECA300374CA5 /* Sources */ = {
			isa = PBXSourcesBuildPhase;
			buildActionMask = 2147483647;
			files = (
				2A62C5A722774B5E00D6EB09 /* OutlineItem.swift in Sources */,
				2A4EB6472275ED0300374CA5 /* MatrixTests.swift in Sources */,
				2A4EB6492275ED0300374CA5 /* GenotypeTests.swift in Sources */,
				2A19FB982275EDA800B7D97D /* DataProvider.swift in Sources */,
				2A19FB9B2275F5D100B7D97D /* Array.swift in Sources */,
				2A19FB8E2275ED9B00B7D97D /* DataSet.swift in Sources */,
				2A19FB8B2275ED9B00B7D97D /* Frequencies.swift in Sources */,
				2A4EB6442275ED0300374CA5 /* LocusTests.swift in Sources */,
				2A62C5AE2277603400D6EB09 /* CollectionViewItem.swift in Sources */,
				2A19FB8A2275ED9B00B7D97D /* Locus.swift in Sources */,
				2A4EB6482275ED0300374CA5 /* IndividualTests.swift in Sources */,
				2A19FB842275ED9200B7D97D /* Genotype.swift in Sources */,
				2A4EB61A2275ECA300374CA5 /* DLabTests.swift in Sources */,
				2A4EB6452275ED0300374CA5 /* FrequenciesTests.swift in Sources */,
				2A19FBAB227604F000B7D97D /* OutlineCategory.swift in Sources */,
				2A4EB6462275ED0300374CA5 /* CoordinateTests.swift in Sources */,
				2A19FB972275EDA800B7D97D /* Matrix.swift in Sources */,
				2A62C5AA22774D1200D6EB09 /* DataCollectionVC.swift in Sources */,
				2A19FB8C2275ED9B00B7D97D /* Individual.swift in Sources */,
				2A19FB8D2275ED9B00B7D97D /* Coordiante.swift in Sources */,
				2A19FB962275EDA800B7D97D /* CLLocationCoordinate2D.swift in Sources */,
			);
			runOnlyForDeploymentPostprocessing = 0;
		};
		2A4EB61C2275ECA300374CA5 /* Sources */ = {
			isa = PBXSourcesBuildPhase;
			buildActionMask = 2147483647;
			files = (
				2A19FB912275EDA200B7D97D /* DataSetDialogController.swift in Sources */,
				2A4EB6252275ECA300374CA5 /* DLabUITests.swift in Sources */,
			);
			runOnlyForDeploymentPostprocessing = 0;
		};
/* End PBXSourcesBuildPhase section */

/* Begin PBXTargetDependency section */
		2A4EB6172275ECA300374CA5 /* PBXTargetDependency */ = {
			isa = PBXTargetDependency;
			target = 2A4EB6022275ECA200374CA5 /* DLab */;
			targetProxy = 2A4EB6162275ECA300374CA5 /* PBXContainerItemProxy */;
		};
		2A4EB6222275ECA300374CA5 /* PBXTargetDependency */ = {
			isa = PBXTargetDependency;
			target = 2A4EB6022275ECA200374CA5 /* DLab */;
			targetProxy = 2A4EB6212275ECA300374CA5 /* PBXContainerItemProxy */;
		};
/* End PBXTargetDependency section */

/* Begin PBXVariantGroup section */
		2A4EB60C2275ECA300374CA5 /* Main.storyboard */ = {
			isa = PBXVariantGroup;
			children = (
				2A4EB60D2275ECA300374CA5 /* Base */,
			);
			name = Main.storyboard;
			sourceTree = "<group>";
		};
/* End PBXVariantGroup section */

/* Begin XCBuildConfiguration section */
		2A4EB6272275ECA300374CA5 /* Debug */ = {
			isa = XCBuildConfiguration;
			buildSettings = {
				ALWAYS_SEARCH_USER_PATHS = NO;
				CLANG_ANALYZER_NONNULL = YES;
				CLANG_ANALYZER_NUMBER_OBJECT_CONVERSION = YES_AGGRESSIVE;
				CLANG_CXX_LANGUAGE_STANDARD = "gnu++14";
				CLANG_CXX_LIBRARY = "libc++";
				CLANG_ENABLE_MODULES = YES;
				CLANG_ENABLE_OBJC_ARC = YES;
				CLANG_ENABLE_OBJC_WEAK = YES;
				CLANG_WARN_BLOCK_CAPTURE_AUTORELEASING = YES;
				CLANG_WARN_BOOL_CONVERSION = YES;
				CLANG_WARN_COMMA = YES;
				CLANG_WARN_CONSTANT_CONVERSION = YES;
				CLANG_WARN_DEPRECATED_OBJC_IMPLEMENTATIONS = YES;
				CLANG_WARN_DIRECT_OBJC_ISA_USAGE = YES_ERROR;
				CLANG_WARN_DOCUMENTATION_COMMENTS = YES;
				CLANG_WARN_EMPTY_BODY = YES;
				CLANG_WARN_ENUM_CONVERSION = YES;
				CLANG_WARN_INFINITE_RECURSION = YES;
				CLANG_WARN_INT_CONVERSION = YES;
				CLANG_WARN_NON_LITERAL_NULL_CONVERSION = YES;
				CLANG_WARN_OBJC_IMPLICIT_RETAIN_SELF = YES;
				CLANG_WARN_OBJC_LITERAL_CONVERSION = YES;
				CLANG_WARN_OBJC_ROOT_CLASS = YES_ERROR;
				CLANG_WARN_RANGE_LOOP_ANALYSIS = YES;
				CLANG_WARN_STRICT_PROTOTYPES = YES;
				CLANG_WARN_SUSPICIOUS_MOVE = YES;
				CLANG_WARN_UNGUARDED_AVAILABILITY = YES_AGGRESSIVE;
				CLANG_WARN_UNREACHABLE_CODE = YES;
				CLANG_WARN__DUPLICATE_METHOD_MATCH = YES;
				CODE_SIGN_IDENTITY = "Mac Developer";
				COPY_PHASE_STRIP = NO;
				DEBUG_INFORMATION_FORMAT = dwarf;
				ENABLE_STRICT_OBJC_MSGSEND = YES;
				ENABLE_TESTABILITY = YES;
				GCC_C_LANGUAGE_STANDARD = gnu11;
				GCC_DYNAMIC_NO_PIC = NO;
				GCC_NO_COMMON_BLOCKS = YES;
				GCC_OPTIMIZATION_LEVEL = 0;
				GCC_PREPROCESSOR_DEFINITIONS = (
					"DEBUG=1",
					"$(inherited)",
				);
				GCC_WARN_64_TO_32_BIT_CONVERSION = YES;
				GCC_WARN_ABOUT_RETURN_TYPE = YES_ERROR;
				GCC_WARN_UNDECLARED_SELECTOR = YES;
				GCC_WARN_UNINITIALIZED_AUTOS = YES_AGGRESSIVE;
				GCC_WARN_UNUSED_FUNCTION = YES;
				GCC_WARN_UNUSED_VARIABLE = YES;
				MACOSX_DEPLOYMENT_TARGET = 10.14;
				MTL_ENABLE_DEBUG_INFO = INCLUDE_SOURCE;
				MTL_FAST_MATH = YES;
				ONLY_ACTIVE_ARCH = YES;
				SDKROOT = macosx;
				SWIFT_ACTIVE_COMPILATION_CONDITIONS = DEBUG;
				SWIFT_OPTIMIZATION_LEVEL = "-Onone";
			};
			name = Debug;
		};
		2A4EB6282275ECA300374CA5 /* Release */ = {
			isa = XCBuildConfiguration;
			buildSettings = {
				ALWAYS_SEARCH_USER_PATHS = NO;
				CLANG_ANALYZER_NONNULL = YES;
				CLANG_ANALYZER_NUMBER_OBJECT_CONVERSION = YES_AGGRESSIVE;
				CLANG_CXX_LANGUAGE_STANDARD = "gnu++14";
				CLANG_CXX_LIBRARY = "libc++";
				CLANG_ENABLE_MODULES = YES;
				CLANG_ENABLE_OBJC_ARC = YES;
				CLANG_ENABLE_OBJC_WEAK = YES;
				CLANG_WARN_BLOCK_CAPTURE_AUTORELEASING = YES;
				CLANG_WARN_BOOL_CONVERSION = YES;
				CLANG_WARN_COMMA = YES;
				CLANG_WARN_CONSTANT_CONVERSION = YES;
				CLANG_WARN_DEPRECATED_OBJC_IMPLEMENTATIONS = YES;
				CLANG_WARN_DIRECT_OBJC_ISA_USAGE = YES_ERROR;
				CLANG_WARN_DOCUMENTATION_COMMENTS = YES;
				CLANG_WARN_EMPTY_BODY = YES;
				CLANG_WARN_ENUM_CONVERSION = YES;
				CLANG_WARN_INFINITE_RECURSION = YES;
				CLANG_WARN_INT_CONVERSION = YES;
				CLANG_WARN_NON_LITERAL_NULL_CONVERSION = YES;
				CLANG_WARN_OBJC_IMPLICIT_RETAIN_SELF = YES;
				CLANG_WARN_OBJC_LITERAL_CONVERSION = YES;
				CLANG_WARN_OBJC_ROOT_CLASS = YES_ERROR;
				CLANG_WARN_RANGE_LOOP_ANALYSIS = YES;
				CLANG_WARN_STRICT_PROTOTYPES = YES;
				CLANG_WARN_SUSPICIOUS_MOVE = YES;
				CLANG_WARN_UNGUARDED_AVAILABILITY = YES_AGGRESSIVE;
				CLANG_WARN_UNREACHABLE_CODE = YES;
				CLANG_WARN__DUPLICATE_METHOD_MATCH = YES;
				CODE_SIGN_IDENTITY = "Mac Developer";
				COPY_PHASE_STRIP = NO;
				DEBUG_INFORMATION_FORMAT = "dwarf-with-dsym";
				ENABLE_NS_ASSERTIONS = NO;
				ENABLE_STRICT_OBJC_MSGSEND = YES;
				GCC_C_LANGUAGE_STANDARD = gnu11;
				GCC_NO_COMMON_BLOCKS = YES;
				GCC_WARN_64_TO_32_BIT_CONVERSION = YES;
				GCC_WARN_ABOUT_RETURN_TYPE = YES_ERROR;
				GCC_WARN_UNDECLARED_SELECTOR = YES;
				GCC_WARN_UNINITIALIZED_AUTOS = YES_AGGRESSIVE;
				GCC_WARN_UNUSED_FUNCTION = YES;
				GCC_WARN_UNUSED_VARIABLE = YES;
				MACOSX_DEPLOYMENT_TARGET = 10.14;
				MTL_ENABLE_DEBUG_INFO = NO;
				MTL_FAST_MATH = YES;
				SDKROOT = macosx;
				SWIFT_COMPILATION_MODE = wholemodule;
				SWIFT_OPTIMIZATION_LEVEL = "-O";
			};
			name = Release;
		};
		2A4EB62A2275ECA300374CA5 /* Debug */ = {
			isa = XCBuildConfiguration;
			buildSettings = {
				ASSETCATALOG_COMPILER_APPICON_NAME = AppIcon;
				CODE_SIGN_ENTITLEMENTS = DLab/DLab.entitlements;
				CODE_SIGN_STYLE = Automatic;
				COMBINE_HIDPI_IMAGES = YES;
				DEVELOPMENT_TEAM = 626QFAP74Z;
				INFOPLIST_FILE = DLab/Info.plist;
				LD_RUNPATH_SEARCH_PATHS = (
					"$(inherited)",
					"@executable_path/../Frameworks",
				);
				MACOSX_DEPLOYMENT_TARGET = 10.14;
				PRODUCT_BUNDLE_IDENTIFIER = com.dyerlab.DLab;
				PRODUCT_NAME = "$(TARGET_NAME)";
				SWIFT_VERSION = 5.0;
			};
			name = Debug;
		};
		2A4EB62B2275ECA300374CA5 /* Release */ = {
			isa = XCBuildConfiguration;
			buildSettings = {
				ASSETCATALOG_COMPILER_APPICON_NAME = AppIcon;
				CODE_SIGN_ENTITLEMENTS = DLab/DLab.entitlements;
				CODE_SIGN_STYLE = Automatic;
				COMBINE_HIDPI_IMAGES = YES;
				DEVELOPMENT_TEAM = 626QFAP74Z;
				INFOPLIST_FILE = DLab/Info.plist;
				LD_RUNPATH_SEARCH_PATHS = (
					"$(inherited)",
					"@executable_path/../Frameworks",
				);
				MACOSX_DEPLOYMENT_TARGET = 10.14;
				PRODUCT_BUNDLE_IDENTIFIER = com.dyerlab.DLab;
				PRODUCT_NAME = "$(TARGET_NAME)";
				SWIFT_VERSION = 5.0;
			};
			name = Release;
		};
		2A4EB62D2275ECA300374CA5 /* Debug */ = {
			isa = XCBuildConfiguration;
			buildSettings = {
				ALWAYS_EMBED_SWIFT_STANDARD_LIBRARIES = YES;
				BUNDLE_LOADER = "$(TEST_HOST)";
				CODE_SIGN_STYLE = Automatic;
				COMBINE_HIDPI_IMAGES = YES;
				DEVELOPMENT_TEAM = 626QFAP74Z;
				INFOPLIST_FILE = DLabTests/Info.plist;
				LD_RUNPATH_SEARCH_PATHS = (
					"$(inherited)",
					"@executable_path/../Frameworks",
					"@loader_path/../Frameworks",
				);
				PRODUCT_BUNDLE_IDENTIFIER = com.dyerlab.DLabTests;
				PRODUCT_NAME = "$(TARGET_NAME)";
				SWIFT_VERSION = 5.0;
				TEST_HOST = "$(BUILT_PRODUCTS_DIR)/DLab.app/Contents/MacOS/DLab";
			};
			name = Debug;
		};
		2A4EB62E2275ECA300374CA5 /* Release */ = {
			isa = XCBuildConfiguration;
			buildSettings = {
				ALWAYS_EMBED_SWIFT_STANDARD_LIBRARIES = YES;
				BUNDLE_LOADER = "$(TEST_HOST)";
				CODE_SIGN_STYLE = Automatic;
				COMBINE_HIDPI_IMAGES = YES;
				DEVELOPMENT_TEAM = 626QFAP74Z;
				INFOPLIST_FILE = DLabTests/Info.plist;
				LD_RUNPATH_SEARCH_PATHS = (
					"$(inherited)",
					"@executable_path/../Frameworks",
					"@loader_path/../Frameworks",
				);
				PRODUCT_BUNDLE_IDENTIFIER = com.dyerlab.DLabTests;
				PRODUCT_NAME = "$(TARGET_NAME)";
				SWIFT_VERSION = 5.0;
				TEST_HOST = "$(BUILT_PRODUCTS_DIR)/DLab.app/Contents/MacOS/DLab";
			};
			name = Release;
		};
		2A4EB6302275ECA300374CA5 /* Debug */ = {
			isa = XCBuildConfiguration;
			buildSettings = {
				ALWAYS_EMBED_SWIFT_STANDARD_LIBRARIES = YES;
				CODE_SIGN_STYLE = Automatic;
				COMBINE_HIDPI_IMAGES = YES;
				DEVELOPMENT_TEAM = 626QFAP74Z;
				INFOPLIST_FILE = DLabUITests/Info.plist;
				LD_RUNPATH_SEARCH_PATHS = (
					"$(inherited)",
					"@executable_path/../Frameworks",
					"@loader_path/../Frameworks",
				);
				PRODUCT_BUNDLE_IDENTIFIER = com.dyerlab.DLabUITests;
				PRODUCT_NAME = "$(TARGET_NAME)";
				SWIFT_VERSION = 5.0;
				TEST_TARGET_NAME = DLab;
			};
			name = Debug;
		};
		2A4EB6312275ECA300374CA5 /* Release */ = {
			isa = XCBuildConfiguration;
			buildSettings = {
				ALWAYS_EMBED_SWIFT_STANDARD_LIBRARIES = YES;
				CODE_SIGN_STYLE = Automatic;
				COMBINE_HIDPI_IMAGES = YES;
				DEVELOPMENT_TEAM = 626QFAP74Z;
				INFOPLIST_FILE = DLabUITests/Info.plist;
				LD_RUNPATH_SEARCH_PATHS = (
					"$(inherited)",
					"@executable_path/../Frameworks",
					"@loader_path/../Frameworks",
				);
				PRODUCT_BUNDLE_IDENTIFIER = com.dyerlab.DLabUITests;
				PRODUCT_NAME = "$(TARGET_NAME)";
				SWIFT_VERSION = 5.0;
				TEST_TARGET_NAME = DLab;
			};
			name = Release;
		};
/* End XCBuildConfiguration section */

/* Begin XCConfigurationList section */
		2A4EB5FE2275ECA200374CA5 /* Build configuration list for PBXProject "DLab" */ = {
			isa = XCConfigurationList;
			buildConfigurations = (
				2A4EB6272275ECA300374CA5 /* Debug */,
				2A4EB6282275ECA300374CA5 /* Release */,
			);
			defaultConfigurationIsVisible = 0;
			defaultConfigurationName = Release;
		};
		2A4EB6292275ECA300374CA5 /* Build configuration list for PBXNativeTarget "DLab" */ = {
			isa = XCConfigurationList;
			buildConfigurations = (
				2A4EB62A2275ECA300374CA5 /* Debug */,
				2A4EB62B2275ECA300374CA5 /* Release */,
			);
			defaultConfigurationIsVisible = 0;
			defaultConfigurationName = Release;
		};
		2A4EB62C2275ECA300374CA5 /* Build configuration list for PBXNativeTarget "DLabTests" */ = {
			isa = XCConfigurationList;
			buildConfigurations = (
				2A4EB62D2275ECA300374CA5 /* Debug */,
				2A4EB62E2275ECA300374CA5 /* Release */,
			);
			defaultConfigurationIsVisible = 0;
			defaultConfigurationName = Release;
		};
		2A4EB62F2275ECA300374CA5 /* Build configuration list for PBXNativeTarget "DLabUITests" */ = {
			isa = XCConfigurationList;
			buildConfigurations = (
				2A4EB6302275ECA300374CA5 /* Debug */,
				2A4EB6312275ECA300374CA5 /* Release */,
			);
			defaultConfigurationIsVisible = 0;
			defaultConfigurationName = Release;
		};
/* End XCConfigurationList section */
	};
	rootObject = 2A4EB5FB2275ECA200374CA5 /* Project object */;
}
